
Microsoft Visual Studio Solution File, Format Version 12.00
# Visual Studio Version 17
VisualStudioVersion = 17.2.32519.379
MinimumVisualStudioVersion = 10.0.40219.1
Project("{FAE04EC0-301F-11D3-BF4B-00C04F79EFBC}") = "Simple911", "Simple911\Simple911.csproj", "{4C889FEC-631E-4540-84CC-A4704B1D03F8}"
EndProject
Global
	GlobalSection(SolutionConfigurationPlatforms) = preSolution
		Debug|Any CPU = Debug|Any CPU
		Release|Any CPU = Release|Any CPU
	EndGlobalSection
	GlobalSection(ProjectConfigurationPlatforms) = postSolution
		{4C889FEC-631E-4540-84CC-A4704B1D03F8}.Debug|Any CPU.ActiveCfg = Debug|Any CPU
		{4C889FEC-631E-4540-84CC-A4704B1D03F8}.Debug|Any CPU.Build.0 = Debug|Any CPU
		{4C889FEC-631E-4540-84CC-A4704B1D03F8}.Release|Any CPU.ActiveCfg = Release|Any CPU
		{4C889FEC-631E-4540-84CC-A4704B1D03F8}.Release|Any CPU.Build.0 = Release|Any CPU
	EndGlobalSection
	GlobalSection(SolutionProperties) = preSolution
		HideSolutionNode = FALSE
	EndGlobalSection
	GlobalSection(ExtensibilityGlobals) = postSolution
		SolutionGuid = {76E857B2-0387-49B7-92F4-97219810ECA3}
	EndGlobalSection
EndGlobal
